// !$*UTF8*$!
{
	archiveVersion = 1;
	classes = {
	};
	objectVersion = 48;
	objects = {

/* Begin PBXBuildFile section */
		4E1E210718D0CBB42487AB8D /* Pods_InfoRTC2.framework in Frameworks */ = {isa = PBXBuildFile; fileRef = 6250C8E1C30DD615BC3AD00F /* Pods_InfoRTC2.framework */; };
		C32FB192200848CE0003ABA4 /* RTCClient.swift in Sources */ = {isa = PBXBuildFile; fileRef = C32FB191200848CE0003ABA4 /* RTCClient.swift */; };
		C32FB194200848E00003ABA4 /* SDPDelegate.swift in Sources */ = {isa = PBXBuildFile; fileRef = C32FB193200848E00003ABA4 /* SDPDelegate.swift */; };
		C32FB196200848EE0003ABA4 /* ICEDelegate.swift in Sources */ = {isa = PBXBuildFile; fileRef = C32FB195200848EE0003ABA4 /* ICEDelegate.swift */; };
		C32FB198200849060003ABA4 /* SocketClient.swift in Sources */ = {isa = PBXBuildFile; fileRef = C32FB197200849060003ABA4 /* SocketClient.swift */; };
		C32FB19A2008509C0003ABA4 /* RTCDelegate.swift in Sources */ = {isa = PBXBuildFile; fileRef = C32FB1992008509C0003ABA4 /* RTCDelegate.swift */; };
		C3437F3E200C385B004F228E /* SocketSDPModel.swift in Sources */ = {isa = PBXBuildFile; fileRef = C3437F3D200C385B004F228E /* SocketSDPModel.swift */; };
		C3437F40200C3883004F228E /* SocketICEModel.swift in Sources */ = {isa = PBXBuildFile; fileRef = C3437F3F200C3883004F228E /* SocketICEModel.swift */; };
		C3437F42200C4995004F228E /* SocketPingModel.swift in Sources */ = {isa = PBXBuildFile; fileRef = C3437F41200C4995004F228E /* SocketPingModel.swift */; };
		C3437F48200C6462004F228E /* appLogo.png in Resources */ = {isa = PBXBuildFile; fileRef = C3437F47200C6462004F228E /* appLogo.png */; };
		C3437F4A200C6662004F228E /* comLogo.png in Resources */ = {isa = PBXBuildFile; fileRef = C3437F49200C6662004F228E /* comLogo.png */; };
		C3437F4C200C6E07004F228E /* UserInfoVC.swift in Sources */ = {isa = PBXBuildFile; fileRef = C3437F4B200C6E07004F228E /* UserInfoVC.swift */; };
		C3437F4E200C7BD6004F228E /* GoogleService-Info.plist in Resources */ = {isa = PBXBuildFile; fileRef = C3437F4D200C7BD6004F228E /* GoogleService-Info.plist */; };
		C3437F50200C8C86004F228E /* PrepareVC.swift in Sources */ = {isa = PBXBuildFile; fileRef = C3437F4F200C8C86004F228E /* PrepareVC.swift */; };
		D019B9D22004A576002852ED /* Base.swift in Sources */ = {isa = PBXBuildFile; fileRef = D019B9D12004A576002852ED /* Base.swift */; };
		D019B9DC2004ABE5002852ED /* AuthModel.swift in Sources */ = {isa = PBXBuildFile; fileRef = D019B9DB2004ABE5002852ED /* AuthModel.swift */; };
		D019B9DE2004AC4E002852ED /* IceServerModel.swift in Sources */ = {isa = PBXBuildFile; fileRef = D019B9DD2004AC4E002852ED /* IceServerModel.swift */; };
		D019B9E02004AC9C002852ED /* SendMessageModel.swift in Sources */ = {isa = PBXBuildFile; fileRef = D019B9DF2004AC9C002852ED /* SendMessageModel.swift */; };
		D019B9E22004AD03002852ED /* SignInVC.swift in Sources */ = {isa = PBXBuildFile; fileRef = D019B9E12004AD03002852ED /* SignInVC.swift */; };
		D019B9E92004B2DA002852ED /* EnterPhoneNumVC.swift in Sources */ = {isa = PBXBuildFile; fileRef = D019B9E82004B2DA002852ED /* EnterPhoneNumVC.swift */; };
		D08D9F482004B3F8002B59F2 /* MainConnectionVC.swift in Sources */ = {isa = PBXBuildFile; fileRef = D08D9F472004B3F8002B59F2 /* MainConnectionVC.swift */; };
		D09F09BE2005DF6000AA868A /* SDPModel.swift in Sources */ = {isa = PBXBuildFile; fileRef = D09F09BD2005DF6000AA868A /* SDPModel.swift */; };
		D0A1A6EF200749A4007D8542 /* ICEModel.swift in Sources */ = {isa = PBXBuildFile; fileRef = D0A1A6EE200749A4007D8542 /* ICEModel.swift */; };
		D0E716762004A0A50095E020 /* AppDelegate.swift in Sources */ = {isa = PBXBuildFile; fileRef = D0E716752004A0A50095E020 /* AppDelegate.swift */; };
		D0E7167B2004A0A50095E020 /* Main.storyboard in Resources */ = {isa = PBXBuildFile; fileRef = D0E716792004A0A50095E020 /* Main.storyboard */; };
		D0E7167D2004A0A50095E020 /* Assets.xcassets in Resources */ = {isa = PBXBuildFile; fileRef = D0E7167C2004A0A50095E020 /* Assets.xcassets */; };
		D0E716802004A0A50095E020 /* LaunchScreen.storyboard in Resources */ = {isa = PBXBuildFile; fileRef = D0E7167E2004A0A50095E020 /* LaunchScreen.storyboard */; };
		D0E7168B2004A0A50095E020 /* InfoRTC2Tests.swift in Sources */ = {isa = PBXBuildFile; fileRef = D0E7168A2004A0A50095E020 /* InfoRTC2Tests.swift */; };
		D0E716962004A0A50095E020 /* InfoRTC2UITests.swift in Sources */ = {isa = PBXBuildFile; fileRef = D0E716952004A0A50095E020 /* InfoRTC2UITests.swift */; };
/* End PBXBuildFile section */

/* Begin PBXContainerItemProxy section */
		D0E716872004A0A50095E020 /* PBXContainerItemProxy */ = {
			isa = PBXContainerItemProxy;
			containerPortal = D0E7166A2004A0A50095E020 /* Project object */;
			proxyType = 1;
			remoteGlobalIDString = D0E716712004A0A50095E020;
			remoteInfo = InfoRTC2;
		};
		D0E716922004A0A50095E020 /* PBXContainerItemProxy */ = {
			isa = PBXContainerItemProxy;
			containerPortal = D0E7166A2004A0A50095E020 /* Project object */;
			proxyType = 1;
			remoteGlobalIDString = D0E716712004A0A50095E020;
			remoteInfo = InfoRTC2;
		};
/* End PBXContainerItemProxy section */

/* Begin PBXFileReference section */
		2E75515C87312BE9860A61F0 /* Pods-InfoRTC2.release.xcconfig */ = {isa = PBXFileReference; includeInIndex = 1; lastKnownFileType = text.xcconfig; name = "Pods-InfoRTC2.release.xcconfig"; path = "Pods/Target Support Files/Pods-InfoRTC2/Pods-InfoRTC2.release.xcconfig"; sourceTree = "<group>"; };
		6250C8E1C30DD615BC3AD00F /* Pods_InfoRTC2.framework */ = {isa = PBXFileReference; explicitFileType = wrapper.framework; includeInIndex = 0; path = Pods_InfoRTC2.framework; sourceTree = BUILT_PRODUCTS_DIR; };
		C32FB191200848CE0003ABA4 /* RTCClient.swift */ = {isa = PBXFileReference; lastKnownFileType = sourcecode.swift; path = RTCClient.swift; sourceTree = "<group>"; };
		C32FB193200848E00003ABA4 /* SDPDelegate.swift */ = {isa = PBXFileReference; lastKnownFileType = sourcecode.swift; path = SDPDelegate.swift; sourceTree = "<group>"; };
		C32FB195200848EE0003ABA4 /* ICEDelegate.swift */ = {isa = PBXFileReference; lastKnownFileType = sourcecode.swift; path = ICEDelegate.swift; sourceTree = "<group>"; };
		C32FB197200849060003ABA4 /* SocketClient.swift */ = {isa = PBXFileReference; lastKnownFileType = sourcecode.swift; path = SocketClient.swift; sourceTree = "<group>"; };
		C32FB1992008509C0003ABA4 /* RTCDelegate.swift */ = {isa = PBXFileReference; lastKnownFileType = sourcecode.swift; path = RTCDelegate.swift; sourceTree = "<group>"; };
		C3437F3D200C385B004F228E /* SocketSDPModel.swift */ = {isa = PBXFileReference; lastKnownFileType = sourcecode.swift; path = SocketSDPModel.swift; sourceTree = "<group>"; };
		C3437F3F200C3883004F228E /* SocketICEModel.swift */ = {isa = PBXFileReference; lastKnownFileType = sourcecode.swift; path = SocketICEModel.swift; sourceTree = "<group>"; };
		C3437F41200C4995004F228E /* SocketPingModel.swift */ = {isa = PBXFileReference; lastKnownFileType = sourcecode.swift; path = SocketPingModel.swift; sourceTree = "<group>"; };
		C3437F47200C6462004F228E /* appLogo.png */ = {isa = PBXFileReference; lastKnownFileType = image.png; path = appLogo.png; sourceTree = "<group>"; };
		C3437F49200C6662004F228E /* comLogo.png */ = {isa = PBXFileReference; lastKnownFileType = image.png; path = comLogo.png; sourceTree = "<group>"; };
		C3437F4B200C6E07004F228E /* UserInfoVC.swift */ = {isa = PBXFileReference; lastKnownFileType = sourcecode.swift; path = UserInfoVC.swift; sourceTree = "<group>"; };
		C3437F4D200C7BD6004F228E /* GoogleService-Info.plist */ = {isa = PBXFileReference; fileEncoding = 4; lastKnownFileType = text.plist.xml; path = "GoogleService-Info.plist"; sourceTree = "<group>"; };
		C3437F4F200C8C86004F228E /* PrepareVC.swift */ = {isa = PBXFileReference; lastKnownFileType = sourcecode.swift; path = PrepareVC.swift; sourceTree = "<group>"; };
		C3EFD2FA200C9B9A00A81458 /* InfoRTC2.entitlements */ = {isa = PBXFileReference; lastKnownFileType = text.plist.entitlements; path = InfoRTC2.entitlements; sourceTree = "<group>"; };
		D019B9D12004A576002852ED /* Base.swift */ = {isa = PBXFileReference; lastKnownFileType = sourcecode.swift; path = Base.swift; sourceTree = "<group>"; };
		D019B9DB2004ABE5002852ED /* AuthModel.swift */ = {isa = PBXFileReference; lastKnownFileType = sourcecode.swift; path = AuthModel.swift; sourceTree = "<group>"; };
		D019B9DD2004AC4E002852ED /* IceServerModel.swift */ = {isa = PBXFileReference; lastKnownFileType = sourcecode.swift; path = IceServerModel.swift; sourceTree = "<group>"; };
		D019B9DF2004AC9C002852ED /* SendMessageModel.swift */ = {isa = PBXFileReference; lastKnownFileType = sourcecode.swift; path = SendMessageModel.swift; sourceTree = "<group>"; };
		D019B9E12004AD03002852ED /* SignInVC.swift */ = {isa = PBXFileReference; lastKnownFileType = sourcecode.swift; path = SignInVC.swift; sourceTree = "<group>"; };
		D019B9E82004B2DA002852ED /* EnterPhoneNumVC.swift */ = {isa = PBXFileReference; lastKnownFileType = sourcecode.swift; path = EnterPhoneNumVC.swift; sourceTree = "<group>"; };
		D08D9F472004B3F8002B59F2 /* MainConnectionVC.swift */ = {isa = PBXFileReference; lastKnownFileType = sourcecode.swift; path = MainConnectionVC.swift; sourceTree = "<group>"; };
		D09F09BD2005DF6000AA868A /* SDPModel.swift */ = {isa = PBXFileReference; lastKnownFileType = sourcecode.swift; path = SDPModel.swift; sourceTree = "<group>"; };
		D09F09BF2005F0AB00AA868A /* InfoRTC-Bridging-Header.h */ = {isa = PBXFileReference; lastKnownFileType = sourcecode.c.h; path = "InfoRTC-Bridging-Header.h"; sourceTree = "<group>"; };
		D0A1A6EE200749A4007D8542 /* ICEModel.swift */ = {isa = PBXFileReference; lastKnownFileType = sourcecode.swift; path = ICEModel.swift; sourceTree = "<group>"; };
		D0E716722004A0A50095E020 /* InfoRTC2.app */ = {isa = PBXFileReference; explicitFileType = wrapper.application; includeInIndex = 0; path = InfoRTC2.app; sourceTree = BUILT_PRODUCTS_DIR; };
		D0E716752004A0A50095E020 /* AppDelegate.swift */ = {isa = PBXFileReference; lastKnownFileType = sourcecode.swift; path = AppDelegate.swift; sourceTree = "<group>"; };
		D0E7167A2004A0A50095E020 /* Base */ = {isa = PBXFileReference; lastKnownFileType = file.storyboard; name = Base; path = Base.lproj/Main.storyboard; sourceTree = "<group>"; };
		D0E7167C2004A0A50095E020 /* Assets.xcassets */ = {isa = PBXFileReference; lastKnownFileType = folder.assetcatalog; path = Assets.xcassets; sourceTree = "<group>"; };
		D0E7167F2004A0A50095E020 /* Base */ = {isa = PBXFileReference; lastKnownFileType = file.storyboard; name = Base; path = Base.lproj/LaunchScreen.storyboard; sourceTree = "<group>"; };
		D0E716812004A0A50095E020 /* Info.plist */ = {isa = PBXFileReference; lastKnownFileType = text.plist.xml; path = Info.plist; sourceTree = "<group>"; };
		D0E716862004A0A50095E020 /* InfoRTC2Tests.xctest */ = {isa = PBXFileReference; explicitFileType = wrapper.cfbundle; includeInIndex = 0; path = InfoRTC2Tests.xctest; sourceTree = BUILT_PRODUCTS_DIR; };
		D0E7168A2004A0A50095E020 /* InfoRTC2Tests.swift */ = {isa = PBXFileReference; lastKnownFileType = sourcecode.swift; path = InfoRTC2Tests.swift; sourceTree = "<group>"; };
		D0E7168C2004A0A50095E020 /* Info.plist */ = {isa = PBXFileReference; lastKnownFileType = text.plist.xml; path = Info.plist; sourceTree = "<group>"; };
		D0E716912004A0A50095E020 /* InfoRTC2UITests.xctest */ = {isa = PBXFileReference; explicitFileType = wrapper.cfbundle; includeInIndex = 0; path = InfoRTC2UITests.xctest; sourceTree = BUILT_PRODUCTS_DIR; };
		D0E716952004A0A50095E020 /* InfoRTC2UITests.swift */ = {isa = PBXFileReference; lastKnownFileType = sourcecode.swift; path = InfoRTC2UITests.swift; sourceTree = "<group>"; };
		D0E716972004A0A50095E020 /* Info.plist */ = {isa = PBXFileReference; lastKnownFileType = text.plist.xml; path = Info.plist; sourceTree = "<group>"; };
		D120FA7D053699B1327A012A /* Pods-InfoRTC2.debug.xcconfig */ = {isa = PBXFileReference; includeInIndex = 1; lastKnownFileType = text.xcconfig; name = "Pods-InfoRTC2.debug.xcconfig"; path = "Pods/Target Support Files/Pods-InfoRTC2/Pods-InfoRTC2.debug.xcconfig"; sourceTree = "<group>"; };
/* End PBXFileReference section */

/* Begin PBXFrameworksBuildPhase section */
		D0E7166F2004A0A50095E020 /* Frameworks */ = {
			isa = PBXFrameworksBuildPhase;
			buildActionMask = 2147483647;
			files = (
				4E1E210718D0CBB42487AB8D /* Pods_InfoRTC2.framework in Frameworks */,
			);
			runOnlyForDeploymentPostprocessing = 0;
		};
		D0E716832004A0A50095E020 /* Frameworks */ = {
			isa = PBXFrameworksBuildPhase;
			buildActionMask = 2147483647;
			files = (
			);
			runOnlyForDeploymentPostprocessing = 0;
		};
		D0E7168E2004A0A50095E020 /* Frameworks */ = {
			isa = PBXFrameworksBuildPhase;
			buildActionMask = 2147483647;
			files = (
			);
			runOnlyForDeploymentPostprocessing = 0;
		};
/* End PBXFrameworksBuildPhase section */

/* Begin PBXGroup section */
		55DE09622305434F872AB818 /* Pods */ = {
			isa = PBXGroup;
			children = (
				D120FA7D053699B1327A012A /* Pods-InfoRTC2.debug.xcconfig */,
				2E75515C87312BE9860A61F0 /* Pods-InfoRTC2.release.xcconfig */,
			);
			name = Pods;
			sourceTree = "<group>";
		};
		AFC8B0CC028F8699CE0FD36E /* Frameworks */ = {
			isa = PBXGroup;
			children = (
				6250C8E1C30DD615BC3AD00F /* Pods_InfoRTC2.framework */,
			);
			name = Frameworks;
			sourceTree = "<group>";
		};
		C3437F43200C6433004F228E /* Image */ = {
			isa = PBXGroup;
			children = (
				C3437F44200C644A004F228E /* Icon */,
			);
			path = Image;
			sourceTree = "<group>";
		};
		C3437F44200C644A004F228E /* Icon */ = {
			isa = PBXGroup;
			children = (
				C3437F49200C6662004F228E /* comLogo.png */,
				C3437F47200C6462004F228E /* appLogo.png */,
			);
			path = Icon;
			sourceTree = "<group>";
		};
		D019B9D02004A569002852ED /* Base */ = {
			isa = PBXGroup;
			children = (
				D019B9D12004A576002852ED /* Base.swift */,
			);
			path = Base;
			sourceTree = "<group>";
		};
		D019B9D42004A67C002852ED /* VC */ = {
			isa = PBXGroup;
			children = (
				D019B9E72004B2C3002852ED /* Connection */,
				D019B9D52004A689002852ED /* Auth */,
				C3437F4F200C8C86004F228E /* PrepareVC.swift */,
			);
			path = VC;
			sourceTree = "<group>";
		};
		D019B9D52004A689002852ED /* Auth */ = {
			isa = PBXGroup;
			children = (
				D019B9E12004AD03002852ED /* SignInVC.swift */,
			);
			path = Auth;
			sourceTree = "<group>";
		};
		D019B9D82004A99B002852ED /* Model */ = {
			isa = PBXGroup;
			children = (
				D019B9DB2004ABE5002852ED /* AuthModel.swift */,
				D019B9DD2004AC4E002852ED /* IceServerModel.swift */,
				D019B9DF2004AC9C002852ED /* SendMessageModel.swift */,
				D09F09BD2005DF6000AA868A /* SDPModel.swift */,
				D0A1A6EE200749A4007D8542 /* ICEModel.swift */,
				C3437F3D200C385B004F228E /* SocketSDPModel.swift */,
				C3437F3F200C3883004F228E /* SocketICEModel.swift */,
				C3437F41200C4995004F228E /* SocketPingModel.swift */,
			);
			path = Model;
			sourceTree = "<group>";
		};
		D019B9E72004B2C3002852ED /* Connection */ = {
			isa = PBXGroup;
			children = (
				D019B9E82004B2DA002852ED /* EnterPhoneNumVC.swift */,
				D08D9F472004B3F8002B59F2 /* MainConnectionVC.swift */,
				C3437F4B200C6E07004F228E /* UserInfoVC.swift */,
			);
			path = Connection;
			sourceTree = "<group>";
		};
		D0A8A6742005BD8000F8F9CF /* Core */ = {
			isa = PBXGroup;
			children = (
				C32FB191200848CE0003ABA4 /* RTCClient.swift */,
				C32FB1992008509C0003ABA4 /* RTCDelegate.swift */,
				C32FB193200848E00003ABA4 /* SDPDelegate.swift */,
				C32FB195200848EE0003ABA4 /* ICEDelegate.swift */,
				C32FB197200849060003ABA4 /* SocketClient.swift */,
			);
			path = Core;
			sourceTree = "<group>";
		};
		D0E716692004A0A50095E020 = {
			isa = PBXGroup;
			children = (
				D0E716742004A0A50095E020 /* InfoRTC2 */,
				D0E716892004A0A50095E020 /* InfoRTC2Tests */,
				D0E716942004A0A50095E020 /* InfoRTC2UITests */,
				D0E716732004A0A50095E020 /* Products */,
				55DE09622305434F872AB818 /* Pods */,
				AFC8B0CC028F8699CE0FD36E /* Frameworks */,
			);
			sourceTree = "<group>";
		};
		D0E716732004A0A50095E020 /* Products */ = {
			isa = PBXGroup;
			children = (
				D0E716722004A0A50095E020 /* InfoRTC2.app */,
				D0E716862004A0A50095E020 /* InfoRTC2Tests.xctest */,
				D0E716912004A0A50095E020 /* InfoRTC2UITests.xctest */,
			);
			name = Products;
			sourceTree = "<group>";
		};
		D0E716742004A0A50095E020 /* InfoRTC2 */ = {
			isa = PBXGroup;
			children = (
				C3EFD2FA200C9B9A00A81458 /* InfoRTC2.entitlements */,
				C3437F4D200C7BD6004F228E /* GoogleService-Info.plist */,
				D0E716752004A0A50095E020 /* AppDelegate.swift */,
				C3437F43200C6433004F228E /* Image */,
				D0A8A6742005BD8000F8F9CF /* Core */,
				D019B9D82004A99B002852ED /* Model */,
				D019B9D42004A67C002852ED /* VC */,
				D0E716792004A0A50095E020 /* Main.storyboard */,
				D019B9D02004A569002852ED /* Base */,
				D09F09BF2005F0AB00AA868A /* InfoRTC-Bridging-Header.h */,
				D0E7167C2004A0A50095E020 /* Assets.xcassets */,
				D0E7167E2004A0A50095E020 /* LaunchScreen.storyboard */,
				D0E716812004A0A50095E020 /* Info.plist */,
			);
			path = InfoRTC2;
			sourceTree = "<group>";
		};
		D0E716892004A0A50095E020 /* InfoRTC2Tests */ = {
			isa = PBXGroup;
			children = (
				D0E7168A2004A0A50095E020 /* InfoRTC2Tests.swift */,
				D0E7168C2004A0A50095E020 /* Info.plist */,
			);
			path = InfoRTC2Tests;
			sourceTree = "<group>";
		};
		D0E716942004A0A50095E020 /* InfoRTC2UITests */ = {
			isa = PBXGroup;
			children = (
				D0E716952004A0A50095E020 /* InfoRTC2UITests.swift */,
				D0E716972004A0A50095E020 /* Info.plist */,
			);
			path = InfoRTC2UITests;
			sourceTree = "<group>";
		};
/* End PBXGroup section */

/* Begin PBXNativeTarget section */
		D0E716712004A0A50095E020 /* InfoRTC2 */ = {
			isa = PBXNativeTarget;
			buildConfigurationList = D0E7169A2004A0A50095E020 /* Build configuration list for PBXNativeTarget "InfoRTC2" */;
			buildPhases = (
				E211162A60D0340E810C41A5 /* [CP] Check Pods Manifest.lock */,
				D0E7166E2004A0A50095E020 /* Sources */,
				D0E7166F2004A0A50095E020 /* Frameworks */,
				D0E716702004A0A50095E020 /* Resources */,
				D3AD4C9B1C48674EC4F14223 /* [CP] Embed Pods Frameworks */,
				594B927194565A826C1AFB0C /* [CP] Copy Pods Resources */,
			);
			buildRules = (
			);
			dependencies = (
			);
			name = InfoRTC2;
			productName = InfoRTC2;
			productReference = D0E716722004A0A50095E020 /* InfoRTC2.app */;
			productType = "com.apple.product-type.application";
		};
		D0E716852004A0A50095E020 /* InfoRTC2Tests */ = {
			isa = PBXNativeTarget;
			buildConfigurationList = D0E7169D2004A0A50095E020 /* Build configuration list for PBXNativeTarget "InfoRTC2Tests" */;
			buildPhases = (
				D0E716822004A0A50095E020 /* Sources */,
				D0E716832004A0A50095E020 /* Frameworks */,
				D0E716842004A0A50095E020 /* Resources */,
			);
			buildRules = (
			);
			dependencies = (
				D0E716882004A0A50095E020 /* PBXTargetDependency */,
			);
			name = InfoRTC2Tests;
			productName = InfoRTC2Tests;
			productReference = D0E716862004A0A50095E020 /* InfoRTC2Tests.xctest */;
			productType = "com.apple.product-type.bundle.unit-test";
		};
		D0E716902004A0A50095E020 /* InfoRTC2UITests */ = {
			isa = PBXNativeTarget;
			buildConfigurationList = D0E716A02004A0A50095E020 /* Build configuration list for PBXNativeTarget "InfoRTC2UITests" */;
			buildPhases = (
				D0E7168D2004A0A50095E020 /* Sources */,
				D0E7168E2004A0A50095E020 /* Frameworks */,
				D0E7168F2004A0A50095E020 /* Resources */,
			);
			buildRules = (
			);
			dependencies = (
				D0E716932004A0A50095E020 /* PBXTargetDependency */,
			);
			name = InfoRTC2UITests;
			productName = InfoRTC2UITests;
			productReference = D0E716912004A0A50095E020 /* InfoRTC2UITests.xctest */;
			productType = "com.apple.product-type.bundle.ui-testing";
		};
/* End PBXNativeTarget section */

/* Begin PBXProject section */
		D0E7166A2004A0A50095E020 /* Project object */ = {
			isa = PBXProject;
			attributes = {
				LastSwiftUpdateCheck = 0920;
				LastUpgradeCheck = 0920;
				ORGANIZATIONNAME = root;
				TargetAttributes = {
					D0E716712004A0A50095E020 = {
						CreatedOnToolsVersion = 9.2;
						LastSwiftMigration = 0920;
						ProvisioningStyle = Automatic;
						SystemCapabilities = {
							com.apple.BackgroundModes = {
								enabled = 1;
							};
							com.apple.Push = {
								enabled = 1;
							};
						};
					};
					D0E716852004A0A50095E020 = {
						CreatedOnToolsVersion = 9.2;
						ProvisioningStyle = Automatic;
						TestTargetID = D0E716712004A0A50095E020;
					};
					D0E716902004A0A50095E020 = {
						CreatedOnToolsVersion = 9.2;
						ProvisioningStyle = Automatic;
						TestTargetID = D0E716712004A0A50095E020;
					};
				};
			};
			buildConfigurationList = D0E7166D2004A0A50095E020 /* Build configuration list for PBXProject "InfoRTC2" */;
			compatibilityVersion = "Xcode 8.0";
			developmentRegion = en;
			hasScannedForEncodings = 0;
			knownRegions = (
				en,
				Base,
			);
			mainGroup = D0E716692004A0A50095E020;
			productRefGroup = D0E716732004A0A50095E020 /* Products */;
			projectDirPath = "";
			projectRoot = "";
			targets = (
				D0E716712004A0A50095E020 /* InfoRTC2 */,
				D0E716852004A0A50095E020 /* InfoRTC2Tests */,
				D0E716902004A0A50095E020 /* InfoRTC2UITests */,
			);
		};
/* End PBXProject section */

/* Begin PBXResourcesBuildPhase section */
		D0E716702004A0A50095E020 /* Resources */ = {
			isa = PBXResourcesBuildPhase;
			buildActionMask = 2147483647;
			files = (
				D0E716802004A0A50095E020 /* LaunchScreen.storyboard in Resources */,
				D0E7167D2004A0A50095E020 /* Assets.xcassets in Resources */,
				C3437F48200C6462004F228E /* appLogo.png in Resources */,
				D0E7167B2004A0A50095E020 /* Main.storyboard in Resources */,
				C3437F4A200C6662004F228E /* comLogo.png in Resources */,
				C3437F4E200C7BD6004F228E /* GoogleService-Info.plist in Resources */,
			);
			runOnlyForDeploymentPostprocessing = 0;
		};
		D0E716842004A0A50095E020 /* Resources */ = {
			isa = PBXResourcesBuildPhase;
			buildActionMask = 2147483647;
			files = (
			);
			runOnlyForDeploymentPostprocessing = 0;
		};
		D0E7168F2004A0A50095E020 /* Resources */ = {
			isa = PBXResourcesBuildPhase;
			buildActionMask = 2147483647;
			files = (
			);
			runOnlyForDeploymentPostprocessing = 0;
		};
/* End PBXResourcesBuildPhase section */

/* Begin PBXShellScriptBuildPhase section */
		594B927194565A826C1AFB0C /* [CP] Copy Pods Resources */ = {
			isa = PBXShellScriptBuildPhase;
			buildActionMask = 2147483647;
			files = (
			);
			inputPaths = (
			);
			name = "[CP] Copy Pods Resources";
			outputPaths = (
			);
			runOnlyForDeploymentPostprocessing = 0;
			shellPath = /bin/sh;
			shellScript = "\"${SRCROOT}/Pods/Target Support Files/Pods-InfoRTC2/Pods-InfoRTC2-resources.sh\"\n";
			showEnvVarsInLog = 0;
		};
		D3AD4C9B1C48674EC4F14223 /* [CP] Embed Pods Frameworks */ = {
			isa = PBXShellScriptBuildPhase;
			buildActionMask = 2147483647;
			files = (
			);
			inputPaths = (
				"${SRCROOT}/Pods/Target Support Files/Pods-InfoRTC2/Pods-InfoRTC2-frameworks.sh",
				"${BUILT_PRODUCTS_DIR}/GoogleToolboxForMac/GoogleToolboxForMac.framework",
				"${BUILT_PRODUCTS_DIR}/Protobuf/Protobuf.framework",
				"${BUILT_PRODUCTS_DIR}/SocketRocket/SocketRocket.framework",
				"${BUILT_PRODUCTS_DIR}/nanopb/nanopb.framework",
			);
			name = "[CP] Embed Pods Frameworks";
			outputPaths = (
				"${TARGET_BUILD_DIR}/${FRAMEWORKS_FOLDER_PATH}/GoogleToolboxForMac.framework",
				"${TARGET_BUILD_DIR}/${FRAMEWORKS_FOLDER_PATH}/Protobuf.framework",
				"${TARGET_BUILD_DIR}/${FRAMEWORKS_FOLDER_PATH}/SocketRocket.framework",
				"${TARGET_BUILD_DIR}/${FRAMEWORKS_FOLDER_PATH}/nanopb.framework",
			);
			runOnlyForDeploymentPostprocessing = 0;
			shellPath = /bin/sh;
			shellScript = "\"${SRCROOT}/Pods/Target Support Files/Pods-InfoRTC2/Pods-InfoRTC2-frameworks.sh\"\n";
			showEnvVarsInLog = 0;
		};
		E211162A60D0340E810C41A5 /* [CP] Check Pods Manifest.lock */ = {
			isa = PBXShellScriptBuildPhase;
			buildActionMask = 2147483647;
			files = (
			);
			inputPaths = (
				"${PODS_PODFILE_DIR_PATH}/Podfile.lock",
				"${PODS_ROOT}/Manifest.lock",
			);
			name = "[CP] Check Pods Manifest.lock";
			outputPaths = (
				"$(DERIVED_FILE_DIR)/Pods-InfoRTC2-checkManifestLockResult.txt",
			);
			runOnlyForDeploymentPostprocessing = 0;
			shellPath = /bin/sh;
			shellScript = "diff \"${PODS_PODFILE_DIR_PATH}/Podfile.lock\" \"${PODS_ROOT}/Manifest.lock\" > /dev/null\nif [ $? != 0 ] ; then\n    # print error to STDERR\n    echo \"error: The sandbox is not in sync with the Podfile.lock. Run 'pod install' or update your CocoaPods installation.\" >&2\n    exit 1\nfi\n# This output is used by Xcode 'outputs' to avoid re-running this script phase.\necho \"SUCCESS\" > \"${SCRIPT_OUTPUT_FILE_0}\"\n";
			showEnvVarsInLog = 0;
		};
/* End PBXShellScriptBuildPhase section */

/* Begin PBXSourcesBuildPhase section */
		D0E7166E2004A0A50095E020 /* Sources */ = {
			isa = PBXSourcesBuildPhase;
			buildActionMask = 2147483647;
			files = (
				D019B9D22004A576002852ED /* Base.swift in Sources */,
				D019B9E02004AC9C002852ED /* SendMessageModel.swift in Sources */,
				D019B9E22004AD03002852ED /* SignInVC.swift in Sources */,
				C32FB192200848CE0003ABA4 /* RTCClient.swift in Sources */,
				C3437F40200C3883004F228E /* SocketICEModel.swift in Sources */,
				C32FB198200849060003ABA4 /* SocketClient.swift in Sources */,
				C3437F42200C4995004F228E /* SocketPingModel.swift in Sources */,
				C32FB196200848EE0003ABA4 /* ICEDelegate.swift in Sources */,
				D019B9E92004B2DA002852ED /* EnterPhoneNumVC.swift in Sources */,
				D0A1A6EF200749A4007D8542 /* ICEModel.swift in Sources */,
				C3437F50200C8C86004F228E /* PrepareVC.swift in Sources */,
				D08D9F482004B3F8002B59F2 /* MainConnectionVC.swift in Sources */,
				D09F09BE2005DF6000AA868A /* SDPModel.swift in Sources */,
				C3437F3E200C385B004F228E /* SocketSDPModel.swift in Sources */,
				C3437F4C200C6E07004F228E /* UserInfoVC.swift in Sources */,
				D0E716762004A0A50095E020 /* AppDelegate.swift in Sources */,
				D019B9DC2004ABE5002852ED /* AuthModel.swift in Sources */,
				C32FB194200848E00003ABA4 /* SDPDelegate.swift in Sources */,
				C32FB19A2008509C0003ABA4 /* RTCDelegate.swift in Sources */,
				D019B9DE2004AC4E002852ED /* IceServerModel.swift in Sources */,
			);
			runOnlyForDeploymentPostprocessing = 0;
		};
		D0E716822004A0A50095E020 /* Sources */ = {
			isa = PBXSourcesBuildPhase;
			buildActionMask = 2147483647;
			files = (
				D0E7168B2004A0A50095E020 /* InfoRTC2Tests.swift in Sources */,
			);
			runOnlyForDeploymentPostprocessing = 0;
		};
		D0E7168D2004A0A50095E020 /* Sources */ = {
			isa = PBXSourcesBuildPhase;
			buildActionMask = 2147483647;
			files = (
				D0E716962004A0A50095E020 /* InfoRTC2UITests.swift in Sources */,
			);
			runOnlyForDeploymentPostprocessing = 0;
		};
/* End PBXSourcesBuildPhase section */

/* Begin PBXTargetDependency section */
		D0E716882004A0A50095E020 /* PBXTargetDependency */ = {
			isa = PBXTargetDependency;
			target = D0E716712004A0A50095E020 /* InfoRTC2 */;
			targetProxy = D0E716872004A0A50095E020 /* PBXContainerItemProxy */;
		};
		D0E716932004A0A50095E020 /* PBXTargetDependency */ = {
			isa = PBXTargetDependency;
			target = D0E716712004A0A50095E020 /* InfoRTC2 */;
			targetProxy = D0E716922004A0A50095E020 /* PBXContainerItemProxy */;
		};
/* End PBXTargetDependency section */

/* Begin PBXVariantGroup section */
		D0E716792004A0A50095E020 /* Main.storyboard */ = {
			isa = PBXVariantGroup;
			children = (
				D0E7167A2004A0A50095E020 /* Base */,
			);
			name = Main.storyboard;
			sourceTree = "<group>";
		};
		D0E7167E2004A0A50095E020 /* LaunchScreen.storyboard */ = {
			isa = PBXVariantGroup;
			children = (
				D0E7167F2004A0A50095E020 /* Base */,
			);
			name = LaunchScreen.storyboard;
			sourceTree = "<group>";
		};
/* End PBXVariantGroup section */

/* Begin XCBuildConfiguration section */
		D0E716982004A0A50095E020 /* Debug */ = {
			isa = XCBuildConfiguration;
			buildSettings = {
				ALWAYS_SEARCH_USER_PATHS = NO;
				CLANG_ANALYZER_NONNULL = YES;
				CLANG_ANALYZER_NUMBER_OBJECT_CONVERSION = YES_AGGRESSIVE;
				CLANG_CXX_LANGUAGE_STANDARD = "gnu++14";
				CLANG_CXX_LIBRARY = "libc++";
				CLANG_ENABLE_MODULES = YES;
				CLANG_ENABLE_OBJC_ARC = YES;
				CLANG_WARN_BLOCK_CAPTURE_AUTORELEASING = YES;
				CLANG_WARN_BOOL_CONVERSION = YES;
				CLANG_WARN_COMMA = YES;
				CLANG_WARN_CONSTANT_CONVERSION = YES;
				CLANG_WARN_DIRECT_OBJC_ISA_USAGE = YES_ERROR;
				CLANG_WARN_DOCUMENTATION_COMMENTS = YES;
				CLANG_WARN_EMPTY_BODY = YES;
				CLANG_WARN_ENUM_CONVERSION = YES;
				CLANG_WARN_INFINITE_RECURSION = YES;
				CLANG_WARN_INT_CONVERSION = YES;
				CLANG_WARN_NON_LITERAL_NULL_CONVERSION = YES;
				CLANG_WARN_OBJC_LITERAL_CONVERSION = YES;
				CLANG_WARN_OBJC_ROOT_CLASS = YES_ERROR;
				CLANG_WARN_RANGE_LOOP_ANALYSIS = YES;
				CLANG_WARN_STRICT_PROTOTYPES = YES;
				CLANG_WARN_SUSPICIOUS_MOVE = YES;
				CLANG_WARN_UNGUARDED_AVAILABILITY = YES_AGGRESSIVE;
				CLANG_WARN_UNREACHABLE_CODE = YES;
				CLANG_WARN__DUPLICATE_METHOD_MATCH = YES;
				CODE_SIGN_IDENTITY = "iPhone Developer";
				COPY_PHASE_STRIP = NO;
				DEBUG_INFORMATION_FORMAT = dwarf;
				ENABLE_STRICT_OBJC_MSGSEND = YES;
				ENABLE_TESTABILITY = YES;
				GCC_C_LANGUAGE_STANDARD = gnu11;
				GCC_DYNAMIC_NO_PIC = NO;
				GCC_NO_COMMON_BLOCKS = YES;
				GCC_OPTIMIZATION_LEVEL = 0;
				GCC_PREPROCESSOR_DEFINITIONS = (
					"DEBUG=1",
					"$(inherited)",
				);
				GCC_WARN_64_TO_32_BIT_CONVERSION = YES;
				GCC_WARN_ABOUT_RETURN_TYPE = YES_ERROR;
				GCC_WARN_UNDECLARED_SELECTOR = YES;
				GCC_WARN_UNINITIALIZED_AUTOS = YES_AGGRESSIVE;
				GCC_WARN_UNUSED_FUNCTION = YES;
				GCC_WARN_UNUSED_VARIABLE = YES;
				IPHONEOS_DEPLOYMENT_TARGET = 11.2;
				MTL_ENABLE_DEBUG_INFO = YES;
				ONLY_ACTIVE_ARCH = YES;
				SDKROOT = iphoneos;
				SWIFT_ACTIVE_COMPILATION_CONDITIONS = DEBUG;
				SWIFT_OPTIMIZATION_LEVEL = "-Onone";
			};
			name = Debug;
		};
		D0E716992004A0A50095E020 /* Release */ = {
			isa = XCBuildConfiguration;
			buildSettings = {
				ALWAYS_SEARCH_USER_PATHS = NO;
				CLANG_ANALYZER_NONNULL = YES;
				CLANG_ANALYZER_NUMBER_OBJECT_CONVERSION = YES_AGGRESSIVE;
				CLANG_CXX_LANGUAGE_STANDARD = "gnu++14";
				CLANG_CXX_LIBRARY = "libc++";
				CLANG_ENABLE_MODULES = YES;
				CLANG_ENABLE_OBJC_ARC = YES;
				CLANG_WARN_BLOCK_CAPTURE_AUTORELEASING = YES;
				CLANG_WARN_BOOL_CONVERSION = YES;
				CLANG_WARN_COMMA = YES;
				CLANG_WARN_CONSTANT_CONVERSION = YES;
				CLANG_WARN_DIRECT_OBJC_ISA_USAGE = YES_ERROR;
				CLANG_WARN_DOCUMENTATION_COMMENTS = YES;
				CLANG_WARN_EMPTY_BODY = YES;
				CLANG_WARN_ENUM_CONVERSION = YES;
				CLANG_WARN_INFINITE_RECURSION = YES;
				CLANG_WARN_INT_CONVERSION = YES;
				CLANG_WARN_NON_LITERAL_NULL_CONVERSION = YES;
				CLANG_WARN_OBJC_LITERAL_CONVERSION = YES;
				CLANG_WARN_OBJC_ROOT_CLASS = YES_ERROR;
				CLANG_WARN_RANGE_LOOP_ANALYSIS = YES;
				CLANG_WARN_STRICT_PROTOTYPES = YES;
				CLANG_WARN_SUSPICIOUS_MOVE = YES;
				CLANG_WARN_UNGUARDED_AVAILABILITY = YES_AGGRESSIVE;
				CLANG_WARN_UNREACHABLE_CODE = YES;
				CLANG_WARN__DUPLICATE_METHOD_MATCH = YES;
				CODE_SIGN_IDENTITY = "iPhone Developer";
				COPY_PHASE_STRIP = NO;
				DEBUG_INFORMATION_FORMAT = "dwarf-with-dsym";
				ENABLE_NS_ASSERTIONS = NO;
				ENABLE_STRICT_OBJC_MSGSEND = YES;
				GCC_C_LANGUAGE_STANDARD = gnu11;
				GCC_NO_COMMON_BLOCKS = YES;
				GCC_WARN_64_TO_32_BIT_CONVERSION = YES;
				GCC_WARN_ABOUT_RETURN_TYPE = YES_ERROR;
				GCC_WARN_UNDECLARED_SELECTOR = YES;
				GCC_WARN_UNINITIALIZED_AUTOS = YES_AGGRESSIVE;
				GCC_WARN_UNUSED_FUNCTION = YES;
				GCC_WARN_UNUSED_VARIABLE = YES;
				IPHONEOS_DEPLOYMENT_TARGET = 11.2;
				MTL_ENABLE_DEBUG_INFO = NO;
				SDKROOT = iphoneos;
				SWIFT_OPTIMIZATION_LEVEL = "-Owholemodule";
				VALIDATE_PRODUCT = YES;
			};
			name = Release;
		};
		D0E7169B2004A0A50095E020 /* Debug */ = {
			isa = XCBuildConfiguration;
			baseConfigurationReference = D120FA7D053699B1327A012A /* Pods-InfoRTC2.debug.xcconfig */;
			buildSettings = {
				ASSETCATALOG_COMPILER_APPICON_NAME = AppIcon;
				CLANG_ENABLE_MODULES = YES;
				CODE_SIGN_ENTITLEMENTS = InfoRTC2/InfoRTC2.entitlements;
				CODE_SIGN_STYLE = Automatic;
				DEVELOPMENT_TEAM = 9KK62677LN;
				ENABLE_BITCODE = NO;
				INFOPLIST_FILE = InfoRTC2/Info.plist;
				IPHONEOS_DEPLOYMENT_TARGET = 11.2;
				LD_RUNPATH_SEARCH_PATHS = "$(inherited) @executable_path/Frameworks";
				PRODUCT_BUNDLE_IDENTIFIER = ib.AppRTC;
				PRODUCT_NAME = "$(TARGET_NAME)";
				SWIFT_OBJC_BRIDGING_HEADER = "InfoRTC2/InfoRTC-Bridging-Header.h";
				SWIFT_OPTIMIZATION_LEVEL = "-Onone";
				SWIFT_VERSION = 4.0;
				TARGETED_DEVICE_FAMILY = 1;
			};
			name = Debug;
		};
		D0E7169C2004A0A50095E020 /* Release */ = {
			isa = XCBuildConfiguration;
			baseConfigurationReference = 2E75515C87312BE9860A61F0 /* Pods-InfoRTC2.release.xcconfig */;
			buildSettings = {
				ASSETCATALOG_COMPILER_APPICON_NAME = AppIcon;
				CLANG_ENABLE_MODULES = YES;
				CODE_SIGN_ENTITLEMENTS = InfoRTC2/InfoRTC2.entitlements;
				CODE_SIGN_STYLE = Automatic;
				DEVELOPMENT_TEAM = 9KK62677LN;
				ENABLE_BITCODE = NO;
				INFOPLIST_FILE = InfoRTC2/Info.plist;
				IPHONEOS_DEPLOYMENT_TARGET = 11.2;
				LD_RUNPATH_SEARCH_PATHS = "$(inherited) @executable_path/Frameworks";
				PRODUCT_BUNDLE_IDENTIFIER = ib.AppRTC;
				PRODUCT_NAME = "$(TARGET_NAME)";
				SWIFT_OBJC_BRIDGING_HEADER = "InfoRTC2/InfoRTC-Bridging-Header.h";
				SWIFT_VERSION = 4.0;
				TARGETED_DEVICE_FAMILY = 1;
			};
			name = Release;
		};
		D0E7169E2004A0A50095E020 /* Debug */ = {
			isa = XCBuildConfiguration;
			buildSettings = {
				ALWAYS_EMBED_SWIFT_STANDARD_LIBRARIES = YES;
				BUNDLE_LOADER = "$(TEST_HOST)";
				CODE_SIGN_STYLE = Automatic;
				DEVELOPMENT_TEAM = W3868KR87Z;
				INFOPLIST_FILE = InfoRTC2Tests/Info.plist;
				LD_RUNPATH_SEARCH_PATHS = "$(inherited) @executable_path/Frameworks @loader_path/Frameworks";
				PRODUCT_BUNDLE_IDENTIFIER = root.InfoRTC2Tests;
				PRODUCT_NAME = "$(TARGET_NAME)";
				SWIFT_VERSION = 4.0;
				TARGETED_DEVICE_FAMILY = "1,2";
				TEST_HOST = "$(BUILT_PRODUCTS_DIR)/InfoRTC2.app/InfoRTC2";
			};
			name = Debug;
		};
		D0E7169F2004A0A50095E020 /* Release */ = {
			isa = XCBuildConfiguration;
			buildSettings = {
				ALWAYS_EMBED_SWIFT_STANDARD_LIBRARIES = YES;
				BUNDLE_LOADER = "$(TEST_HOST)";
				CODE_SIGN_STYLE = Automatic;
				DEVELOPMENT_TEAM = W3868KR87Z;
				INFOPLIST_FILE = InfoRTC2Tests/Info.plist;
				LD_RUNPATH_SEARCH_PATHS = "$(inherited) @executable_path/Frameworks @loader_path/Frameworks";
				PRODUCT_BUNDLE_IDENTIFIER = root.InfoRTC2Tests;
				PRODUCT_NAME = "$(TARGET_NAME)";
				SWIFT_VERSION = 4.0;
				TARGETED_DEVICE_FAMILY = "1,2";
				TEST_HOST = "$(BUILT_PRODUCTS_DIR)/InfoRTC2.app/InfoRTC2";
			};
			name = Release;
		};
		D0E716A12004A0A50095E020 /* Debug */ = {
			isa = XCBuildConfiguration;
			buildSettings = {
				ALWAYS_EMBED_SWIFT_STANDARD_LIBRARIES = YES;
				CODE_SIGN_STYLE = Automatic;
				DEVELOPMENT_TEAM = W3868KR87Z;
				INFOPLIST_FILE = InfoRTC2UITests/Info.plist;
				LD_RUNPATH_SEARCH_PATHS = "$(inherited) @executable_path/Frameworks @loader_path/Frameworks";
				PRODUCT_BUNDLE_IDENTIFIER = root.InfoRTC2UITests;
				PRODUCT_NAME = "$(TARGET_NAME)";
				SWIFT_VERSION = 4.0;
				TARGETED_DEVICE_FAMILY = "1,2";
				TEST_TARGET_NAME = InfoRTC2;
			};
			name = Debug;
		};
		D0E716A22004A0A50095E020 /* Release */ = {
			isa = XCBuildConfiguration;
			buildSettings = {
				ALWAYS_EMBED_SWIFT_STANDARD_LIBRARIES = YES;
				CODE_SIGN_STYLE = Automatic;
				DEVELOPMENT_TEAM = W3868KR87Z;
				INFOPLIST_FILE = InfoRTC2UITests/Info.plist;
				LD_RUNPATH_SEARCH_PATHS = "$(inherited) @executable_path/Frameworks @loader_path/Frameworks";
				PRODUCT_BUNDLE_IDENTIFIER = root.InfoRTC2UITests;
				PRODUCT_NAME = "$(TARGET_NAME)";
				SWIFT_VERSION = 4.0;
				TARGETED_DEVICE_FAMILY = "1,2";
				TEST_TARGET_NAME = InfoRTC2;
			};
			name = Release;
		};
/* End XCBuildConfiguration section */

/* Begin XCConfigurationList section */
		D0E7166D2004A0A50095E020 /* Build configuration list for PBXProject "InfoRTC2" */ = {
			isa = XCConfigurationList;
			buildConfigurations = (
				D0E716982004A0A50095E020 /* Debug */,
				D0E716992004A0A50095E020 /* Release */,
			);
			defaultConfigurationIsVisible = 0;
			defaultConfigurationName = Release;
		};
		D0E7169A2004A0A50095E020 /* Build configuration list for PBXNativeTarget "InfoRTC2" */ = {
			isa = XCConfigurationList;
			buildConfigurations = (
				D0E7169B2004A0A50095E020 /* Debug */,
				D0E7169C2004A0A50095E020 /* Release */,
			);
			defaultConfigurationIsVisible = 0;
			defaultConfigurationName = Release;
		};
		D0E7169D2004A0A50095E020 /* Build configuration list for PBXNativeTarget "InfoRTC2Tests" */ = {
			isa = XCConfigurationList;
			buildConfigurations = (
				D0E7169E2004A0A50095E020 /* Debug */,
				D0E7169F2004A0A50095E020 /* Release */,
			);
			defaultConfigurationIsVisible = 0;
			defaultConfigurationName = Release;
		};
		D0E716A02004A0A50095E020 /* Build configuration list for PBXNativeTarget "InfoRTC2UITests" */ = {
			isa = XCConfigurationList;
			buildConfigurations = (
				D0E716A12004A0A50095E020 /* Debug */,
				D0E716A22004A0A50095E020 /* Release */,
			);
			defaultConfigurationIsVisible = 0;
			defaultConfigurationName = Release;
		};
/* End XCConfigurationList section */
	};
	rootObject = D0E7166A2004A0A50095E020 /* Project object */;
}
